
Microsoft Visual Studio Solution File, Format Version 12.00
# Visual Studio Version 17
VisualStudioVersion = 17.5.002.0
MinimumVisualStudioVersion = 10.0.40219.1
Project("{9A19103F-16F7-4668-BE54-9A1E7A4F7556}") = "stream doc r ghi", "stream doc r ghi.csproj", "{B7DAA5EB-DE81-4B0B-8F01-43412A50F2F4}"
EndProject
Global
	GlobalSection(SolutionConfigurationPlatforms) = preSolution
		Debug|Any CPU = Debug|Any CPU
		Release|Any CPU = Release|Any CPU
	EndGlobalSection
	GlobalSection(ProjectConfigurationPlatforms) = postSolution
		{B7DAA5EB-DE81-4B0B-8F01-43412A50F2F4}.Debug|Any CPU.ActiveCfg = Debug|Any CPU
		{B7DAA5EB-DE81-4B0B-8F01-43412A50F2F4}.Debug|Any CPU.Build.0 = Debug|Any CPU
		{B7DAA5EB-DE81-4B0B-8F01-43412A50F2F4}.Release|Any CPU.ActiveCfg = Release|Any CPU
		{B7DAA5EB-DE81-4B0B-8F01-43412A50F2F4}.Release|Any CPU.Build.0 = Release|Any CPU
	EndGlobalSection
	GlobalSection(SolutionProperties) = preSolution
		HideSolutionNode = FALSE
	EndGlobalSection
	GlobalSection(ExtensibilityGlobals) = postSolution
		SolutionGuid = {84A3755B-4AC7-464B-BE3F-B18261191E8B}
	EndGlobalSection
EndGlobal
